
Microsoft Visual Studio Solution File, Format Version 12.00
# Visual Studio Version 17
VisualStudioVersion = 17.1.32407.343
MinimumVisualStudioVersion = 10.0.40219.1
Project("{9A19103F-16F7-4668-BE54-9A1E7A4F7556}") = "Users.API", "Users.API\Users.API.csproj", "{1D770D39-560E-493A-9931-51AE3CC34E94}"
EndProject
Project("{9A19103F-16F7-4668-BE54-9A1E7A4F7556}") = "Users.API.Tests", "Users.API.Tests\Users.API.Tests.csproj", "{F1982F46-0F18-45B7-AB9D-662F8617E7B1}"
EndProject
Global
	GlobalSection(SolutionConfigurationPlatforms) = preSolution
		Debug|Any CPU = Debug|Any CPU
		Release|Any CPU = Release|Any CPU
	EndGlobalSection
	GlobalSection(ProjectConfigurationPlatforms) = postSolution
		{1D770D39-560E-493A-9931-51AE3CC34E94}.Debug|Any CPU.ActiveCfg = Debug|Any CPU
		{1D770D39-560E-493A-9931-51AE3CC34E94}.Debug|Any CPU.Build.0 = Debug|Any CPU
		{1D770D39-560E-493A-9931-51AE3CC34E94}.Release|Any CPU.ActiveCfg = Release|Any CPU
		{1D770D39-560E-493A-9931-51AE3CC34E94}.Release|Any CPU.Build.0 = Release|Any CPU
		{F1982F46-0F18-45B7-AB9D-662F8617E7B1}.Debug|Any CPU.ActiveCfg = Debug|Any CPU
		{F1982F46-0F18-45B7-AB9D-662F8617E7B1}.Debug|Any CPU.Build.0 = Debug|Any CPU
		{F1982F46-0F18-45B7-AB9D-662F8617E7B1}.Release|Any CPU.ActiveCfg = Release|Any CPU
		{F1982F46-0F18-45B7-AB9D-662F8617E7B1}.Release|Any CPU.Build.0 = Release|Any CPU
	EndGlobalSection
	GlobalSection(SolutionProperties) = preSolution
		HideSolutionNode = FALSE
	EndGlobalSection
	GlobalSection(ExtensibilityGlobals) = postSolution
		SolutionGuid = {7AB2D0A2-EA6E-4228-8806-E89D9F7483E0}
	EndGlobalSection
EndGlobal
